
Microsoft Visual Studio Solution File, Format Version 12.00
# Visual Studio Version 17
VisualStudioVersion = 17.9.34714.143
MinimumVisualStudioVersion = 10.0.40219.1
Project("{9A19103F-16F7-4668-BE54-9A1E7A4F7556}") = "Orders.backend", "Orders.backend\Orders.backend.csproj", "{74632E1C-1173-46D3-AD5E-A55FD5BD38E2}"
EndProject
Project("{9A19103F-16F7-4668-BE54-9A1E7A4F7556}") = "Orders.Frontend", "Orders.Frontend\Orders.Frontend.csproj", "{06D90376-A5B3-4E87-B52B-C5F259503FC7}"
EndProject
Project("{9A19103F-16F7-4668-BE54-9A1E7A4F7556}") = "Orders.shared", "Orders.shared\Orders.shared.csproj", "{B8836BB1-BBC1-485F-850C-FC3F1CDE6EB6}"
EndProject
Project("{9A19103F-16F7-4668-BE54-9A1E7A4F7556}") = "Orders.Test", "Orders.Test\Orders.Test.csproj", "{887BA8BB-5186-43EA-A4BE-1EAD0116D900}"
EndProject
Global
	GlobalSection(SolutionConfigurationPlatforms) = preSolution
		Debug|Any CPU = Debug|Any CPU
		Release|Any CPU = Release|Any CPU
	EndGlobalSection
	GlobalSection(ProjectConfigurationPlatforms) = postSolution
		{74632E1C-1173-46D3-AD5E-A55FD5BD38E2}.Debug|Any CPU.ActiveCfg = Debug|Any CPU
		{74632E1C-1173-46D3-AD5E-A55FD5BD38E2}.Debug|Any CPU.Build.0 = Debug|Any CPU
		{74632E1C-1173-46D3-AD5E-A55FD5BD38E2}.Release|Any CPU.ActiveCfg = Release|Any CPU
		{74632E1C-1173-46D3-AD5E-A55FD5BD38E2}.Release|Any CPU.Build.0 = Release|Any CPU
		{06D90376-A5B3-4E87-B52B-C5F259503FC7}.Debug|Any CPU.ActiveCfg = Debug|Any CPU
		{06D90376-A5B3-4E87-B52B-C5F259503FC7}.Debug|Any CPU.Build.0 = Debug|Any CPU
		{06D90376-A5B3-4E87-B52B-C5F259503FC7}.Release|Any CPU.ActiveCfg = Release|Any CPU
		{06D90376-A5B3-4E87-B52B-C5F259503FC7}.Release|Any CPU.Build.0 = Release|Any CPU
		{B8836BB1-BBC1-485F-850C-FC3F1CDE6EB6}.Debug|Any CPU.ActiveCfg = Debug|Any CPU
		{B8836BB1-BBC1-485F-850C-FC3F1CDE6EB6}.Debug|Any CPU.Build.0 = Debug|Any CPU
		{B8836BB1-BBC1-485F-850C-FC3F1CDE6EB6}.Release|Any CPU.ActiveCfg = Release|Any CPU
		{B8836BB1-BBC1-485F-850C-FC3F1CDE6EB6}.Release|Any CPU.Build.0 = Release|Any CPU
		{887BA8BB-5186-43EA-A4BE-1EAD0116D900}.Debug|Any CPU.ActiveCfg = Debug|Any CPU
		{887BA8BB-5186-43EA-A4BE-1EAD0116D900}.Debug|Any CPU.Build.0 = Debug|Any CPU
		{887BA8BB-5186-43EA-A4BE-1EAD0116D900}.Release|Any CPU.ActiveCfg = Release|Any CPU
		{887BA8BB-5186-43EA-A4BE-1EAD0116D900}.Release|Any CPU.Build.0 = Release|Any CPU
	EndGlobalSection
	GlobalSection(SolutionProperties) = preSolution
		HideSolutionNode = FALSE
	EndGlobalSection
	GlobalSection(ExtensibilityGlobals) = postSolution
		SolutionGuid = {A9D435AD-11E0-4658-994A-A9CC19F6A7BD}
	EndGlobalSection
EndGlobal
